
Microsoft Visual Studio Solution File, Format Version 12.00
# Visual Studio Version 17
VisualStudioVersion = 17.0.31903.59
MinimumVisualStudioVersion = 10.0.40219.1
Project("{9A19103F-16F7-4668-BE54-9A1E7A4F7556}") = "Telemnar", "src\Telemnar.csproj", "{A3F030F3-A32B-4A7B-B488-8250736C2CB6}"
EndProject
Global
	GlobalSection(SolutionConfigurationPlatforms) = preSolution
		Debug|Any CPU = Debug|Any CPU
		Release|Any CPU = Release|Any CPU
	EndGlobalSection
	GlobalSection(ProjectConfigurationPlatforms) = postSolution
		{A3F030F3-A32B-4A7B-B488-8250736C2CB6}.Debug|Any CPU.ActiveCfg = Debug|Any CPU
		{A3F030F3-A32B-4A7B-B488-8250736C2CB6}.Debug|Any CPU.Build.0 = Debug|Any CPU
		{A3F030F3-A32B-4A7B-B488-8250736C2CB6}.Release|Any CPU.ActiveCfg = Release|Any CPU
		{A3F030F3-A32B-4A7B-B488-8250736C2CB6}.Release|Any CPU.Build.0 = Release|Any CPU
	EndGlobalSection
	GlobalSection(SolutionProperties) = preSolution
		HideSolutionNode = FALSE
	EndGlobalSection
	GlobalSection(ExtensibilityGlobals) = postSolution
		SolutionGuid = {BBBDB7CB-C561-4AD3-8F0A-184AE3AE0D15}
	EndGlobalSection
EndGlobal
